// !$*UTF8*$!
{
	archiveVersion = 1;
	classes = {
	};
	objectVersion = 50;
	objects = {

/* Begin PBXBuildFile section */
		3703BFAC213C38980081CA6B /* RepositorySearchViewController.swift in Sources */ = {isa = PBXBuildFile; fileRef = 3703BFAA213C38980081CA6B /* RepositorySearchViewController.swift */; };
		3703BFAD213C38980081CA6B /* RepositorySearchViewController.xib in Resources */ = {isa = PBXBuildFile; fileRef = 3703BFAB213C38980081CA6B /* RepositorySearchViewController.xib */; };
		3703BFB1213C3AD50081CA6B /* AutoPrivatePropertyAccessible.swift in Sources */ = {isa = PBXBuildFile; fileRef = 3703BFB0213C3AD50081CA6B /* AutoPrivatePropertyAccessible.swift */; };
		3703BFB5213C3C470081CA6B /* zzz.Sourcery.out.swift in Sources */ = {isa = PBXBuildFile; fileRef = 3703BFB4213C3C470081CA6B /* zzz.Sourcery.out.swift */; };
		3703BFBB213C3F820081CA6B /* RxSwift.framework in Frameworks */ = {isa = PBXBuildFile; fileRef = 3703BFB9213C3F820081CA6B /* RxSwift.framework */; };
		3703BFBC213C3F820081CA6B /* RxCocoa.framework in Frameworks */ = {isa = PBXBuildFile; fileRef = 3703BFBA213C3F820081CA6B /* RxCocoa.framework */; };
		3703BFBD213C3F970081CA6B /* RxCocoa.framework in Frameworks */ = {isa = PBXBuildFile; fileRef = 3703BFBA213C3F820081CA6B /* RxCocoa.framework */; };
		3703BFBE213C3F970081CA6B /* RxSwift.framework in Frameworks */ = {isa = PBXBuildFile; fileRef = 3703BFB9213C3F820081CA6B /* RxSwift.framework */; };
		3703BFC1213C3FC30081CA6B /* GitHub.swift in Sources */ = {isa = PBXBuildFile; fileRef = 3703BFC0213C3FC30081CA6B /* GitHub.swift */; };
		3703BFC3213C40D60081CA6B /* RepositoryActionCreator.swift in Sources */ = {isa = PBXBuildFile; fileRef = 3703BFC2213C40D60081CA6B /* RepositoryActionCreator.swift */; };
		3703BFC5213C40E20081CA6B /* RepositoryDispatcher.swift in Sources */ = {isa = PBXBuildFile; fileRef = 3703BFC4213C40E20081CA6B /* RepositoryDispatcher.swift */; };
		3703BFC7213C40ED0081CA6B /* RepositoryStore.swift in Sources */ = {isa = PBXBuildFile; fileRef = 3703BFC6213C40ED0081CA6B /* RepositoryStore.swift */; };
		3703BFD1213C50180081CA6B /* RepositoryDetailViewController.swift in Sources */ = {isa = PBXBuildFile; fileRef = 3703BFCF213C50180081CA6B /* RepositoryDetailViewController.swift */; };
		3703BFD2213C50180081CA6B /* RepositoryDetailViewController.xib in Resources */ = {isa = PBXBuildFile; fileRef = 3703BFD0213C50180081CA6B /* RepositoryDetailViewController.xib */; };
		3703BFD7213C52110081CA6B /* RootViewController.swift in Sources */ = {isa = PBXBuildFile; fileRef = 3703BFD5213C52110081CA6B /* RootViewController.swift */; };
		3703BFD8213C52110081CA6B /* RootViewModel.swift in Sources */ = {isa = PBXBuildFile; fileRef = 3703BFD6213C52110081CA6B /* RootViewModel.swift */; };
		3703BFDC213C57600081CA6B /* RouteActionCreator.swift in Sources */ = {isa = PBXBuildFile; fileRef = 3703BFDB213C57600081CA6B /* RouteActionCreator.swift */; };
		3703BFDE213C576D0081CA6B /* RouteDispatcher.swift in Sources */ = {isa = PBXBuildFile; fileRef = 3703BFDD213C576D0081CA6B /* RouteDispatcher.swift */; };
		3703BFE0213C57770081CA6B /* RouteStore.swift in Sources */ = {isa = PBXBuildFile; fileRef = 3703BFDF213C57770081CA6B /* RouteStore.swift */; };
		3703BFE3213C58080081CA6B /* Extension.swift in Sources */ = {isa = PBXBuildFile; fileRef = 3703BFE2213C58080081CA6B /* Extension.swift */; };
		3703BFE5213C58910081CA6B /* UIViewController.extension.swift in Sources */ = {isa = PBXBuildFile; fileRef = 3703BFE4213C58910081CA6B /* UIViewController.extension.swift */; };
		3703BFE9213C68820081CA6B /* ViewType.swift in Sources */ = {isa = PBXBuildFile; fileRef = 3703BFE8213C68820081CA6B /* ViewType.swift */; };
		37B3E17B213C377500357BBF /* AppDelegate.swift in Sources */ = {isa = PBXBuildFile; fileRef = 37B3E17A213C377500357BBF /* AppDelegate.swift */; };
		37B3E182213C377500357BBF /* Assets.xcassets in Resources */ = {isa = PBXBuildFile; fileRef = 37B3E181213C377500357BBF /* Assets.xcassets */; };
		37B3E185213C377500357BBF /* LaunchScreen.storyboard in Resources */ = {isa = PBXBuildFile; fileRef = 37B3E183213C377500357BBF /* LaunchScreen.storyboard */; };
		37B3E190213C377500357BBF /* GitHubClientTestSampleTests.swift in Sources */ = {isa = PBXBuildFile; fileRef = 37B3E18F213C377500357BBF /* GitHubClientTestSampleTests.swift */; };
		37B5F2C32140288A00219777 /* GitHub.Pagination.swift in Sources */ = {isa = PBXBuildFile; fileRef = 37B5F2BD2140288A00219777 /* GitHub.Pagination.swift */; };
		37B5F2C42140288A00219777 /* GitHub.Session.swift in Sources */ = {isa = PBXBuildFile; fileRef = 37B5F2BE2140288A00219777 /* GitHub.Session.swift */; };
		37B5F2C62140288A00219777 /* GitHub.ItemsResponse.swift in Sources */ = {isa = PBXBuildFile; fileRef = 37B5F2C02140288A00219777 /* GitHub.ItemsResponse.swift */; };
		37B5F2C72140288A00219777 /* GitHubRequest.swift in Sources */ = {isa = PBXBuildFile; fileRef = 37B5F2C12140288A00219777 /* GitHubRequest.swift */; };
		37B5F2C82140288A00219777 /* GitHub.SearchRepositoriesRequest.swift in Sources */ = {isa = PBXBuildFile; fileRef = 37B5F2C22140288A00219777 /* GitHub.SearchRepositoriesRequest.swift */; };
		37B5F2CB21403C3400219777 /* ReadOnlyRelay.swift in Sources */ = {isa = PBXBuildFile; fileRef = 37B5F2CA21403C3400219777 /* ReadOnlyRelay.swift */; };
		37B5F2CD21403E7100219777 /* RepositorySearchViewModel.swift in Sources */ = {isa = PBXBuildFile; fileRef = 37B5F2CC21403E7100219777 /* RepositorySearchViewModel.swift */; };
		37B5F2CF2140404100219777 /* Environment.swift in Sources */ = {isa = PBXBuildFile; fileRef = 37B5F2CE2140404100219777 /* Environment.swift */; };
		37B5F2D22140420400219777 /* Either.swift in Sources */ = {isa = PBXBuildFile; fileRef = 37B5F2D12140420400219777 /* Either.swift */; };
		37B5F2D42140485800219777 /* RepositorySearchViewDataSource.swift in Sources */ = {isa = PBXBuildFile; fileRef = 37B5F2D32140485800219777 /* RepositorySearchViewDataSource.swift */; };
		37B5F2D6214050D700219777 /* RepositoryDetailViewModel.swift in Sources */ = {isa = PBXBuildFile; fileRef = 37B5F2D5214050D700219777 /* RepositoryDetailViewModel.swift */; };
		37B5F2D8214050E500219777 /* WebKit.framework in Frameworks */ = {isa = PBXBuildFile; fileRef = 37B5F2D7214050E500219777 /* WebKit.framework */; };
		37B5F2DA2140529F00219777 /* WKWebView.extension.swift in Sources */ = {isa = PBXBuildFile; fileRef = 37B5F2D92140529F00219777 /* WKWebView.extension.swift */; };
		37C1FE6C2143A126005EB806 /* GitHubRepositoryCell.swift in Sources */ = {isa = PBXBuildFile; fileRef = 37C1FE6A2143A126005EB806 /* GitHubRepositoryCell.swift */; };
		37C1FE6D2143A126005EB806 /* GitHubRepositoryCell.xib in Resources */ = {isa = PBXBuildFile; fileRef = 37C1FE6B2143A126005EB806 /* GitHubRepositoryCell.xib */; };
		37C1FE6F2143AD0D005EB806 /* UITableView.extension.swift in Sources */ = {isa = PBXBuildFile; fileRef = 37C1FE6E2143AD0D005EB806 /* UITableView.extension.swift */; };
		37C1FE712143B9BE005EB806 /* LoadingView.swift in Sources */ = {isa = PBXBuildFile; fileRef = 37C1FE702143B9BE005EB806 /* LoadingView.swift */; };
		37C1FE732143B9CB005EB806 /* LoadingView.xib in Resources */ = {isa = PBXBuildFile; fileRef = 37C1FE722143B9CB005EB806 /* LoadingView.xib */; };
		B92782C25CA6E45A0255301D /* Pods_GitHubClientTestSample.framework in Frameworks */ = {isa = PBXBuildFile; fileRef = 47BA8995EC72C085FB7863D1 /* Pods_GitHubClientTestSample.framework */; };
		F16A0BF09EB67C63A6C61990 /* Pods_GitHubClientTestSampleTests.framework in Frameworks */ = {isa = PBXBuildFile; fileRef = 1A62277F842B5AA3D9D44627 /* Pods_GitHubClientTestSampleTests.framework */; };
/* End PBXBuildFile section */

/* Begin PBXContainerItemProxy section */
		37B3E18C213C377500357BBF /* PBXContainerItemProxy */ = {
			isa = PBXContainerItemProxy;
			containerPortal = 37B3E16F213C377400357BBF /* Project object */;
			proxyType = 1;
			remoteGlobalIDString = 37B3E176213C377400357BBF;
			remoteInfo = GitHubClientTestSample;
		};
/* End PBXContainerItemProxy section */

/* Begin PBXFileReference section */
		000BB3EB4ADADB143DE0B916 /* Pods-GitHubClientTestSample.release.xcconfig */ = {isa = PBXFileReference; includeInIndex = 1; lastKnownFileType = text.xcconfig; name = "Pods-GitHubClientTestSample.release.xcconfig"; path = "Pods/Target Support Files/Pods-GitHubClientTestSample/Pods-GitHubClientTestSample.release.xcconfig"; sourceTree = "<group>"; };
		166976F6E189B68DA6905FDA /* Pods-GitHubClientTestSampleTests.debug.xcconfig */ = {isa = PBXFileReference; includeInIndex = 1; lastKnownFileType = text.xcconfig; name = "Pods-GitHubClientTestSampleTests.debug.xcconfig"; path = "Pods/Target Support Files/Pods-GitHubClientTestSampleTests/Pods-GitHubClientTestSampleTests.debug.xcconfig"; sourceTree = "<group>"; };
		1A62277F842B5AA3D9D44627 /* Pods_GitHubClientTestSampleTests.framework */ = {isa = PBXFileReference; explicitFileType = wrapper.framework; includeInIndex = 0; path = Pods_GitHubClientTestSampleTests.framework; sourceTree = BUILT_PRODUCTS_DIR; };
		3703BFAA213C38980081CA6B /* RepositorySearchViewController.swift */ = {isa = PBXFileReference; lastKnownFileType = sourcecode.swift; path = RepositorySearchViewController.swift; sourceTree = "<group>"; };
		3703BFAB213C38980081CA6B /* RepositorySearchViewController.xib */ = {isa = PBXFileReference; lastKnownFileType = file.xib; path = RepositorySearchViewController.xib; sourceTree = "<group>"; };
		3703BFAF213C3A910081CA6B /* AutoPrivatePropertyAccessible.stencil */ = {isa = PBXFileReference; lastKnownFileType = text; path = AutoPrivatePropertyAccessible.stencil; sourceTree = "<group>"; };
		3703BFB0213C3AD50081CA6B /* AutoPrivatePropertyAccessible.swift */ = {isa = PBXFileReference; lastKnownFileType = sourcecode.swift; path = AutoPrivatePropertyAccessible.swift; sourceTree = "<group>"; };
		3703BFB4213C3C470081CA6B /* zzz.Sourcery.out.swift */ = {isa = PBXFileReference; fileEncoding = 4; lastKnownFileType = sourcecode.swift; path = zzz.Sourcery.out.swift; sourceTree = "<group>"; };
		3703BFB9213C3F820081CA6B /* RxSwift.framework */ = {isa = PBXFileReference; lastKnownFileType = wrapper.framework; name = RxSwift.framework; path = Carthage/Build/iOS/RxSwift.framework; sourceTree = "<group>"; };
		3703BFBA213C3F820081CA6B /* RxCocoa.framework */ = {isa = PBXFileReference; lastKnownFileType = wrapper.framework; name = RxCocoa.framework; path = Carthage/Build/iOS/RxCocoa.framework; sourceTree = "<group>"; };
		3703BFC0213C3FC30081CA6B /* GitHub.swift */ = {isa = PBXFileReference; lastKnownFileType = sourcecode.swift; path = GitHub.swift; sourceTree = "<group>"; };
		3703BFC2213C40D60081CA6B /* RepositoryActionCreator.swift */ = {isa = PBXFileReference; lastKnownFileType = sourcecode.swift; path = RepositoryActionCreator.swift; sourceTree = "<group>"; };
		3703BFC4213C40E20081CA6B /* RepositoryDispatcher.swift */ = {isa = PBXFileReference; lastKnownFileType = sourcecode.swift; path = RepositoryDispatcher.swift; sourceTree = "<group>"; };
		3703BFC6213C40ED0081CA6B /* RepositoryStore.swift */ = {isa = PBXFileReference; lastKnownFileType = sourcecode.swift; path = RepositoryStore.swift; sourceTree = "<group>"; };
		3703BFCF213C50180081CA6B /* RepositoryDetailViewController.swift */ = {isa = PBXFileReference; lastKnownFileType = sourcecode.swift; path = RepositoryDetailViewController.swift; sourceTree = "<group>"; };
		3703BFD0213C50180081CA6B /* RepositoryDetailViewController.xib */ = {isa = PBXFileReference; lastKnownFileType = file.xib; path = RepositoryDetailViewController.xib; sourceTree = "<group>"; };
		3703BFD5213C52110081CA6B /* RootViewController.swift */ = {isa = PBXFileReference; fileEncoding = 4; lastKnownFileType = sourcecode.swift; path = RootViewController.swift; sourceTree = "<group>"; };
		3703BFD6213C52110081CA6B /* RootViewModel.swift */ = {isa = PBXFileReference; fileEncoding = 4; lastKnownFileType = sourcecode.swift; path = RootViewModel.swift; sourceTree = "<group>"; };
		3703BFDB213C57600081CA6B /* RouteActionCreator.swift */ = {isa = PBXFileReference; lastKnownFileType = sourcecode.swift; path = RouteActionCreator.swift; sourceTree = "<group>"; };
		3703BFDD213C576D0081CA6B /* RouteDispatcher.swift */ = {isa = PBXFileReference; lastKnownFileType = sourcecode.swift; path = RouteDispatcher.swift; sourceTree = "<group>"; };
		3703BFDF213C57770081CA6B /* RouteStore.swift */ = {isa = PBXFileReference; lastKnownFileType = sourcecode.swift; path = RouteStore.swift; sourceTree = "<group>"; };
		3703BFE2213C58080081CA6B /* Extension.swift */ = {isa = PBXFileReference; lastKnownFileType = sourcecode.swift; path = Extension.swift; sourceTree = "<group>"; };
		3703BFE4213C58910081CA6B /* UIViewController.extension.swift */ = {isa = PBXFileReference; lastKnownFileType = sourcecode.swift; path = UIViewController.extension.swift; sourceTree = "<group>"; };
		3703BFE8213C68820081CA6B /* ViewType.swift */ = {isa = PBXFileReference; fileEncoding = 4; lastKnownFileType = sourcecode.swift; path = ViewType.swift; sourceTree = "<group>"; };
		37B3E177213C377500357BBF /* GitHubClientTestSample.app */ = {isa = PBXFileReference; explicitFileType = wrapper.application; includeInIndex = 0; path = GitHubClientTestSample.app; sourceTree = BUILT_PRODUCTS_DIR; };
		37B3E17A213C377500357BBF /* AppDelegate.swift */ = {isa = PBXFileReference; lastKnownFileType = sourcecode.swift; path = AppDelegate.swift; sourceTree = "<group>"; };
		37B3E181213C377500357BBF /* Assets.xcassets */ = {isa = PBXFileReference; lastKnownFileType = folder.assetcatalog; path = Assets.xcassets; sourceTree = "<group>"; };
		37B3E184213C377500357BBF /* Base */ = {isa = PBXFileReference; lastKnownFileType = file.storyboard; name = Base; path = Base.lproj/LaunchScreen.storyboard; sourceTree = "<group>"; };
		37B3E186213C377500357BBF /* Info.plist */ = {isa = PBXFileReference; lastKnownFileType = text.plist.xml; path = Info.plist; sourceTree = "<group>"; };
		37B3E18B213C377500357BBF /* GitHubClientTestSampleTests.xctest */ = {isa = PBXFileReference; explicitFileType = wrapper.cfbundle; includeInIndex = 0; path = GitHubClientTestSampleTests.xctest; sourceTree = BUILT_PRODUCTS_DIR; };
		37B3E18F213C377500357BBF /* GitHubClientTestSampleTests.swift */ = {isa = PBXFileReference; lastKnownFileType = sourcecode.swift; path = GitHubClientTestSampleTests.swift; sourceTree = "<group>"; };
		37B3E191213C377500357BBF /* Info.plist */ = {isa = PBXFileReference; lastKnownFileType = text.plist.xml; path = Info.plist; sourceTree = "<group>"; };
		37B5F2BD2140288A00219777 /* GitHub.Pagination.swift */ = {isa = PBXFileReference; fileEncoding = 4; lastKnownFileType = sourcecode.swift; path = GitHub.Pagination.swift; sourceTree = "<group>"; };
		37B5F2BE2140288A00219777 /* GitHub.Session.swift */ = {isa = PBXFileReference; fileEncoding = 4; lastKnownFileType = sourcecode.swift; path = GitHub.Session.swift; sourceTree = "<group>"; };
		37B5F2C02140288A00219777 /* GitHub.ItemsResponse.swift */ = {isa = PBXFileReference; fileEncoding = 4; lastKnownFileType = sourcecode.swift; path = GitHub.ItemsResponse.swift; sourceTree = "<group>"; };
		37B5F2C12140288A00219777 /* GitHubRequest.swift */ = {isa = PBXFileReference; fileEncoding = 4; lastKnownFileType = sourcecode.swift; path = GitHubRequest.swift; sourceTree = "<group>"; };
		37B5F2C22140288A00219777 /* GitHub.SearchRepositoriesRequest.swift */ = {isa = PBXFileReference; fileEncoding = 4; lastKnownFileType = sourcecode.swift; path = GitHub.SearchRepositoriesRequest.swift; sourceTree = "<group>"; };
		37B5F2CA21403C3400219777 /* ReadOnlyRelay.swift */ = {isa = PBXFileReference; lastKnownFileType = sourcecode.swift; path = ReadOnlyRelay.swift; sourceTree = "<group>"; };
		37B5F2CC21403E7100219777 /* RepositorySearchViewModel.swift */ = {isa = PBXFileReference; lastKnownFileType = sourcecode.swift; path = RepositorySearchViewModel.swift; sourceTree = "<group>"; };
		37B5F2CE2140404100219777 /* Environment.swift */ = {isa = PBXFileReference; lastKnownFileType = sourcecode.swift; path = Environment.swift; sourceTree = "<group>"; };
		37B5F2D12140420400219777 /* Either.swift */ = {isa = PBXFileReference; lastKnownFileType = sourcecode.swift; path = Either.swift; sourceTree = "<group>"; };
		37B5F2D32140485800219777 /* RepositorySearchViewDataSource.swift */ = {isa = PBXFileReference; lastKnownFileType = sourcecode.swift; path = RepositorySearchViewDataSource.swift; sourceTree = "<group>"; };
		37B5F2D5214050D700219777 /* RepositoryDetailViewModel.swift */ = {isa = PBXFileReference; lastKnownFileType = sourcecode.swift; path = RepositoryDetailViewModel.swift; sourceTree = "<group>"; };
		37B5F2D7214050E500219777 /* WebKit.framework */ = {isa = PBXFileReference; lastKnownFileType = wrapper.framework; name = WebKit.framework; path = System/Library/Frameworks/WebKit.framework; sourceTree = SDKROOT; };
		37B5F2D92140529F00219777 /* WKWebView.extension.swift */ = {isa = PBXFileReference; lastKnownFileType = sourcecode.swift; path = WKWebView.extension.swift; sourceTree = "<group>"; };
		37C1FE6A2143A126005EB806 /* GitHubRepositoryCell.swift */ = {isa = PBXFileReference; lastKnownFileType = sourcecode.swift; path = GitHubRepositoryCell.swift; sourceTree = "<group>"; };
		37C1FE6B2143A126005EB806 /* GitHubRepositoryCell.xib */ = {isa = PBXFileReference; lastKnownFileType = file.xib; path = GitHubRepositoryCell.xib; sourceTree = "<group>"; };
		37C1FE6E2143AD0D005EB806 /* UITableView.extension.swift */ = {isa = PBXFileReference; lastKnownFileType = sourcecode.swift; path = UITableView.extension.swift; sourceTree = "<group>"; };
		37C1FE702143B9BE005EB806 /* LoadingView.swift */ = {isa = PBXFileReference; lastKnownFileType = sourcecode.swift; path = LoadingView.swift; sourceTree = "<group>"; };
		37C1FE722143B9CB005EB806 /* LoadingView.xib */ = {isa = PBXFileReference; lastKnownFileType = file.xib; path = LoadingView.xib; sourceTree = "<group>"; };
		47BA8995EC72C085FB7863D1 /* Pods_GitHubClientTestSample.framework */ = {isa = PBXFileReference; explicitFileType = wrapper.framework; includeInIndex = 0; path = Pods_GitHubClientTestSample.framework; sourceTree = BUILT_PRODUCTS_DIR; };
		79DDFDB5D74E3A3FE599692D /* Pods-GitHubClientTestSampleTests.release.xcconfig */ = {isa = PBXFileReference; includeInIndex = 1; lastKnownFileType = text.xcconfig; name = "Pods-GitHubClientTestSampleTests.release.xcconfig"; path = "Pods/Target Support Files/Pods-GitHubClientTestSampleTests/Pods-GitHubClientTestSampleTests.release.xcconfig"; sourceTree = "<group>"; };
		99F3EF4046E779D00F77DD16 /* Pods-GitHubClientTestSample.debug.xcconfig */ = {isa = PBXFileReference; includeInIndex = 1; lastKnownFileType = text.xcconfig; name = "Pods-GitHubClientTestSample.debug.xcconfig"; path = "Pods/Target Support Files/Pods-GitHubClientTestSample/Pods-GitHubClientTestSample.debug.xcconfig"; sourceTree = "<group>"; };
/* End PBXFileReference section */

/* Begin PBXFrameworksBuildPhase section */
		37B3E174213C377400357BBF /* Frameworks */ = {
			isa = PBXFrameworksBuildPhase;
			buildActionMask = 2147483647;
			files = (
				37B5F2D8214050E500219777 /* WebKit.framework in Frameworks */,
				3703BFBB213C3F820081CA6B /* RxSwift.framework in Frameworks */,
				3703BFBC213C3F820081CA6B /* RxCocoa.framework in Frameworks */,
				B92782C25CA6E45A0255301D /* Pods_GitHubClientTestSample.framework in Frameworks */,
			);
			runOnlyForDeploymentPostprocessing = 0;
		};
		37B3E188213C377500357BBF /* Frameworks */ = {
			isa = PBXFrameworksBuildPhase;
			buildActionMask = 2147483647;
			files = (
				3703BFBD213C3F970081CA6B /* RxCocoa.framework in Frameworks */,
				3703BFBE213C3F970081CA6B /* RxSwift.framework in Frameworks */,
				F16A0BF09EB67C63A6C61990 /* Pods_GitHubClientTestSampleTests.framework in Frameworks */,
			);
			runOnlyForDeploymentPostprocessing = 0;
		};
/* End PBXFrameworksBuildPhase section */

/* Begin PBXGroup section */
		3703BFA9213C38730081CA6B /* UI */ = {
			isa = PBXGroup;
			children = (
				37C1FE692143A117005EB806 /* Common */,
				3703BFD4213C52110081CA6B /* Root */,
				3703BFCE213C50000081CA6B /* RepositoryDetail */,
				3703BFC8213C421F0081CA6B /* RepositorySearch */,
			);
			path = UI;
			sourceTree = "<group>";
		};
		3703BFAE213C3A4A0081CA6B /* Template */ = {
			isa = PBXGroup;
			children = (
				3703BFAF213C3A910081CA6B /* AutoPrivatePropertyAccessible.stencil */,
			);
			path = Template;
			sourceTree = "<group>";
		};
		3703BFB2213C3B280081CA6B /* Gen */ = {
			isa = PBXGroup;
			children = (
				3703BFB4213C3C470081CA6B /* zzz.Sourcery.out.swift */,
			);
			path = Gen;
			sourceTree = "<group>";
		};
		3703BFB6213C3CD70081CA6B /* Common */ = {
			isa = PBXGroup;
			children = (
				37B5F2D0214041ED00219777 /* Util */,
				3703BFE1213C57FC0081CA6B /* Extension */,
				3703BFBF213C3FAB0081CA6B /* API */,
				3703BFB7213C3CE20081CA6B /* Flux */,
			);
			path = Common;
			sourceTree = "<group>";
		};
		3703BFB7213C3CE20081CA6B /* Flux */ = {
			isa = PBXGroup;
			children = (
				37B5F2CE2140404100219777 /* Environment.swift */,
				3703BFDA213C572C0081CA6B /* Route */,
				3703BFD9213C57240081CA6B /* Repository */,
			);
			path = Flux;
			sourceTree = "<group>";
		};
		3703BFBF213C3FAB0081CA6B /* API */ = {
			isa = PBXGroup;
			children = (
				3703BFC0213C3FC30081CA6B /* GitHub.swift */,
				37B5F2C12140288A00219777 /* GitHubRequest.swift */,
				37B5F2BE2140288A00219777 /* GitHub.Session.swift */,
				37B5F2C02140288A00219777 /* GitHub.ItemsResponse.swift */,
				37B5F2BD2140288A00219777 /* GitHub.Pagination.swift */,
				37B5F2C22140288A00219777 /* GitHub.SearchRepositoriesRequest.swift */,
			);
			path = API;
			sourceTree = "<group>";
		};
		3703BFC8213C421F0081CA6B /* RepositorySearch */ = {
			isa = PBXGroup;
			children = (
				3703BFAA213C38980081CA6B /* RepositorySearchViewController.swift */,
				3703BFAB213C38980081CA6B /* RepositorySearchViewController.xib */,
				37B5F2CC21403E7100219777 /* RepositorySearchViewModel.swift */,
				37B5F2D32140485800219777 /* RepositorySearchViewDataSource.swift */,
			);
			path = RepositorySearch;
			sourceTree = "<group>";
		};
		3703BFCE213C50000081CA6B /* RepositoryDetail */ = {
			isa = PBXGroup;
			children = (
				3703BFCF213C50180081CA6B /* RepositoryDetailViewController.swift */,
				3703BFD0213C50180081CA6B /* RepositoryDetailViewController.xib */,
				37B5F2D5214050D700219777 /* RepositoryDetailViewModel.swift */,
			);
			path = RepositoryDetail;
			sourceTree = "<group>";
		};
		3703BFD4213C52110081CA6B /* Root */ = {
			isa = PBXGroup;
			children = (
				3703BFD5213C52110081CA6B /* RootViewController.swift */,
				3703BFD6213C52110081CA6B /* RootViewModel.swift */,
			);
			path = Root;
			sourceTree = "<group>";
		};
		3703BFD9213C57240081CA6B /* Repository */ = {
			isa = PBXGroup;
			children = (
				3703BFC2213C40D60081CA6B /* RepositoryActionCreator.swift */,
				3703BFC4213C40E20081CA6B /* RepositoryDispatcher.swift */,
				3703BFC6213C40ED0081CA6B /* RepositoryStore.swift */,
			);
			path = Repository;
			sourceTree = "<group>";
		};
		3703BFDA213C572C0081CA6B /* Route */ = {
			isa = PBXGroup;
			children = (
				3703BFDB213C57600081CA6B /* RouteActionCreator.swift */,
				3703BFDD213C576D0081CA6B /* RouteDispatcher.swift */,
				3703BFDF213C57770081CA6B /* RouteStore.swift */,
			);
			path = Route;
			sourceTree = "<group>";
		};
		3703BFE1213C57FC0081CA6B /* Extension */ = {
			isa = PBXGroup;
			children = (
				3703BFE2213C58080081CA6B /* Extension.swift */,
				3703BFE4213C58910081CA6B /* UIViewController.extension.swift */,
				37B5F2D92140529F00219777 /* WKWebView.extension.swift */,
				37C1FE6E2143AD0D005EB806 /* UITableView.extension.swift */,
			);
			path = Extension;
			sourceTree = "<group>";
		};
		37B3E16E213C377400357BBF = {
			isa = PBXGroup;
			children = (
				37B3E179213C377500357BBF /* GitHubClientTestSample */,
				37B3E18E213C377500357BBF /* GitHubClientTestSampleTests */,
				37B3E178213C377500357BBF /* Products */,
				901A703791646994CA6CA210 /* Pods */,
				78B0D5C5B0D1A78B616A0B3C /* Frameworks */,
			);
			sourceTree = "<group>";
		};
		37B3E178213C377500357BBF /* Products */ = {
			isa = PBXGroup;
			children = (
				37B3E177213C377500357BBF /* GitHubClientTestSample.app */,
				37B3E18B213C377500357BBF /* GitHubClientTestSampleTests.xctest */,
			);
			name = Products;
			sourceTree = "<group>";
		};
		37B3E179213C377500357BBF /* GitHubClientTestSample */ = {
			isa = PBXGroup;
			children = (
				3703BFB6213C3CD70081CA6B /* Common */,
				3703BFA9213C38730081CA6B /* UI */,
				37B3E17A213C377500357BBF /* AppDelegate.swift */,
				37B3E181213C377500357BBF /* Assets.xcassets */,
				37B3E183213C377500357BBF /* LaunchScreen.storyboard */,
				37B3E186213C377500357BBF /* Info.plist */,
			);
			path = GitHubClientTestSample;
			sourceTree = "<group>";
		};
		37B3E18E213C377500357BBF /* GitHubClientTestSampleTests */ = {
			isa = PBXGroup;
			children = (
				3703BFB2213C3B280081CA6B /* Gen */,
				3703BFAE213C3A4A0081CA6B /* Template */,
				37B3E18F213C377500357BBF /* GitHubClientTestSampleTests.swift */,
				37B3E191213C377500357BBF /* Info.plist */,
				3703BFB0213C3AD50081CA6B /* AutoPrivatePropertyAccessible.swift */,
			);
			path = GitHubClientTestSampleTests;
			sourceTree = "<group>";
		};
		37B5F2D0214041ED00219777 /* Util */ = {
			isa = PBXGroup;
			children = (
				37B5F2D12140420400219777 /* Either.swift */,
				37B5F2CA21403C3400219777 /* ReadOnlyRelay.swift */,
			);
			path = Util;
			sourceTree = "<group>";
		};
		37C1FE692143A117005EB806 /* Common */ = {
			isa = PBXGroup;
			children = (
				3703BFE8213C68820081CA6B /* ViewType.swift */,
				37C1FE6A2143A126005EB806 /* GitHubRepositoryCell.swift */,
				37C1FE6B2143A126005EB806 /* GitHubRepositoryCell.xib */,
				37C1FE702143B9BE005EB806 /* LoadingView.swift */,
				37C1FE722143B9CB005EB806 /* LoadingView.xib */,
			);
			path = Common;
			sourceTree = "<group>";
		};
		78B0D5C5B0D1A78B616A0B3C /* Frameworks */ = {
			isa = PBXGroup;
			children = (
				37B5F2D7214050E500219777 /* WebKit.framework */,
				3703BFBA213C3F820081CA6B /* RxCocoa.framework */,
				3703BFB9213C3F820081CA6B /* RxSwift.framework */,
				47BA8995EC72C085FB7863D1 /* Pods_GitHubClientTestSample.framework */,
				1A62277F842B5AA3D9D44627 /* Pods_GitHubClientTestSampleTests.framework */,
			);
			name = Frameworks;
			sourceTree = "<group>";
		};
		901A703791646994CA6CA210 /* Pods */ = {
			isa = PBXGroup;
			children = (
				99F3EF4046E779D00F77DD16 /* Pods-GitHubClientTestSample.debug.xcconfig */,
				000BB3EB4ADADB143DE0B916 /* Pods-GitHubClientTestSample.release.xcconfig */,
				166976F6E189B68DA6905FDA /* Pods-GitHubClientTestSampleTests.debug.xcconfig */,
				79DDFDB5D74E3A3FE599692D /* Pods-GitHubClientTestSampleTests.release.xcconfig */,
			);
			name = Pods;
			sourceTree = "<group>";
		};
/* End PBXGroup section */

/* Begin PBXNativeTarget section */
		37B3E176213C377400357BBF /* GitHubClientTestSample */ = {
			isa = PBXNativeTarget;
			buildConfigurationList = 37B3E194213C377500357BBF /* Build configuration list for PBXNativeTarget "GitHubClientTestSample" */;
			buildPhases = (
				D738CAA20F73A42F142A2987 /* [CP] Check Pods Manifest.lock */,
				3703BFB3213C3B350081CA6B /* ShellScript */,
				37B3E173213C377400357BBF /* Sources */,
				37B3E174213C377400357BBF /* Frameworks */,
				37B3E175213C377400357BBF /* Resources */,
				3703BFB8213C3F1E0081CA6B /* ShellScript */,
			);
			buildRules = (
			);
			dependencies = (
			);
			name = GitHubClientTestSample;
			productName = GitHubClientTestSample;
			productReference = 37B3E177213C377500357BBF /* GitHubClientTestSample.app */;
			productType = "com.apple.product-type.application";
		};
		37B3E18A213C377500357BBF /* GitHubClientTestSampleTests */ = {
			isa = PBXNativeTarget;
			buildConfigurationList = 37B3E197213C377500357BBF /* Build configuration list for PBXNativeTarget "GitHubClientTestSampleTests" */;
			buildPhases = (
				F10563340FABE12421134898 /* [CP] Check Pods Manifest.lock */,
				37B3E187213C377500357BBF /* Sources */,
				37B3E188213C377500357BBF /* Frameworks */,
				37B3E189213C377500357BBF /* Resources */,
			);
			buildRules = (
			);
			dependencies = (
				37B3E18D213C377500357BBF /* PBXTargetDependency */,
			);
			name = GitHubClientTestSampleTests;
			productName = GitHubClientTestSampleTests;
			productReference = 37B3E18B213C377500357BBF /* GitHubClientTestSampleTests.xctest */;
			productType = "com.apple.product-type.bundle.unit-test";
		};
/* End PBXNativeTarget section */

/* Begin PBXProject section */
		37B3E16F213C377400357BBF /* Project object */ = {
			isa = PBXProject;
			attributes = {
				LastSwiftUpdateCheck = 0940;
				LastUpgradeCheck = 0940;
				ORGANIZATIONNAME = "marty-suzuki";
				TargetAttributes = {
					37B3E176213C377400357BBF = {
						CreatedOnToolsVersion = 9.4.1;
					};
					37B3E18A213C377500357BBF = {
						CreatedOnToolsVersion = 9.4.1;
						TestTargetID = 37B3E176213C377400357BBF;
					};
				};
			};
			buildConfigurationList = 37B3E172213C377400357BBF /* Build configuration list for PBXProject "GitHubClientTestSample" */;
			compatibilityVersion = "Xcode 9.3";
			developmentRegion = en;
			hasScannedForEncodings = 0;
			knownRegions = (
				en,
				Base,
			);
			mainGroup = 37B3E16E213C377400357BBF;
			productRefGroup = 37B3E178213C377500357BBF /* Products */;
			projectDirPath = "";
			projectRoot = "";
			targets = (
				37B3E176213C377400357BBF /* GitHubClientTestSample */,
				37B3E18A213C377500357BBF /* GitHubClientTestSampleTests */,
			);
		};
/* End PBXProject section */

/* Begin PBXResourcesBuildPhase section */
		37B3E175213C377400357BBF /* Resources */ = {
			isa = PBXResourcesBuildPhase;
			buildActionMask = 2147483647;
			files = (
				3703BFAD213C38980081CA6B /* RepositorySearchViewController.xib in Resources */,
				3703BFD2213C50180081CA6B /* RepositoryDetailViewController.xib in Resources */,
				37B3E185213C377500357BBF /* LaunchScreen.storyboard in Resources */,
				37C1FE732143B9CB005EB806 /* LoadingView.xib in Resources */,
				37C1FE6D2143A126005EB806 /* GitHubRepositoryCell.xib in Resources */,
				37B3E182213C377500357BBF /* Assets.xcassets in Resources */,
			);
			runOnlyForDeploymentPostprocessing = 0;
		};
		37B3E189213C377500357BBF /* Resources */ = {
			isa = PBXResourcesBuildPhase;
			buildActionMask = 2147483647;
			files = (
			);
			runOnlyForDeploymentPostprocessing = 0;
		};
/* End PBXResourcesBuildPhase section */

/* Begin PBXShellScriptBuildPhase section */
		3703BFB3213C3B350081CA6B /* ShellScript */ = {
			isa = PBXShellScriptBuildPhase;
			buildActionMask = 2147483647;
			files = (
			);
			inputPaths = (
			);
			outputPaths = (
			);
			runOnlyForDeploymentPostprocessing = 0;
			shellPath = /bin/sh;
			shellScript = "${PODS_ROOT}/Sourcery/bin/sourcery";
		};
		3703BFB8213C3F1E0081CA6B /* ShellScript */ = {
			isa = PBXShellScriptBuildPhase;
			buildActionMask = 2147483647;
			files = (
			);
			inputPaths = (
				"$(SRCROOT)/Carthage/Build/iOS/RxCocoa.framework",
				"$(SRCROOT)/Carthage/Build/iOS/RxSwift.framework",
			);
			outputPaths = (
			);
			runOnlyForDeploymentPostprocessing = 0;
			shellPath = /bin/sh;
			shellScript = "/usr/local/bin/carthage copy-frameworks";
		};
		D738CAA20F73A42F142A2987 /* [CP] Check Pods Manifest.lock */ = {
			isa = PBXShellScriptBuildPhase;
			buildActionMask = 2147483647;
			files = (
			);
			inputPaths = (
				"${PODS_PODFILE_DIR_PATH}/Podfile.lock",
				"${PODS_ROOT}/Manifest.lock",
			);
			name = "[CP] Check Pods Manifest.lock";
			outputPaths = (
				"$(DERIVED_FILE_DIR)/Pods-GitHubClientTestSample-checkManifestLockResult.txt",
			);
			runOnlyForDeploymentPostprocessing = 0;
			shellPath = /bin/sh;
			shellScript = "diff \"${PODS_PODFILE_DIR_PATH}/Podfile.lock\" \"${PODS_ROOT}/Manifest.lock\" > /dev/null\nif [ $? != 0 ] ; then\n    # print error to STDERR\n    echo \"error: The sandbox is not in sync with the Podfile.lock. Run 'pod install' or update your CocoaPods installation.\" >&2\n    exit 1\nfi\n# This output is used by Xcode 'outputs' to avoid re-running this script phase.\necho \"SUCCESS\" > \"${SCRIPT_OUTPUT_FILE_0}\"\n";
			showEnvVarsInLog = 0;
		};
		F10563340FABE12421134898 /* [CP] Check Pods Manifest.lock */ = {
			isa = PBXShellScriptBuildPhase;
			buildActionMask = 2147483647;
			files = (
			);
			inputPaths = (
				"${PODS_PODFILE_DIR_PATH}/Podfile.lock",
				"${PODS_ROOT}/Manifest.lock",
			);
			name = "[CP] Check Pods Manifest.lock";
			outputPaths = (
				"$(DERIVED_FILE_DIR)/Pods-GitHubClientTestSampleTests-checkManifestLockResult.txt",
			);
			runOnlyForDeploymentPostprocessing = 0;
			shellPath = /bin/sh;
			shellScript = "diff \"${PODS_PODFILE_DIR_PATH}/Podfile.lock\" \"${PODS_ROOT}/Manifest.lock\" > /dev/null\nif [ $? != 0 ] ; then\n    # print error to STDERR\n    echo \"error: The sandbox is not in sync with the Podfile.lock. Run 'pod install' or update your CocoaPods installation.\" >&2\n    exit 1\nfi\n# This output is used by Xcode 'outputs' to avoid re-running this script phase.\necho \"SUCCESS\" > \"${SCRIPT_OUTPUT_FILE_0}\"\n";
			showEnvVarsInLog = 0;
		};
/* End PBXShellScriptBuildPhase section */

/* Begin PBXSourcesBuildPhase section */
		37B3E173213C377400357BBF /* Sources */ = {
			isa = PBXSourcesBuildPhase;
			buildActionMask = 2147483647;
			files = (
				37B5F2C62140288A00219777 /* GitHub.ItemsResponse.swift in Sources */,
				3703BFE5213C58910081CA6B /* UIViewController.extension.swift in Sources */,
				37B5F2C42140288A00219777 /* GitHub.Session.swift in Sources */,
				3703BFC1213C3FC30081CA6B /* GitHub.swift in Sources */,
				37C1FE6C2143A126005EB806 /* GitHubRepositoryCell.swift in Sources */,
				3703BFC7213C40ED0081CA6B /* RepositoryStore.swift in Sources */,
				37B3E17B213C377500357BBF /* AppDelegate.swift in Sources */,
				37B5F2D22140420400219777 /* Either.swift in Sources */,
				3703BFC5213C40E20081CA6B /* RepositoryDispatcher.swift in Sources */,
				37B5F2C32140288A00219777 /* GitHub.Pagination.swift in Sources */,
				3703BFC3213C40D60081CA6B /* RepositoryActionCreator.swift in Sources */,
				3703BFD1213C50180081CA6B /* RepositoryDetailViewController.swift in Sources */,
				3703BFD7213C52110081CA6B /* RootViewController.swift in Sources */,
				3703BFE0213C57770081CA6B /* RouteStore.swift in Sources */,
				3703BFD8213C52110081CA6B /* RootViewModel.swift in Sources */,
				37B5F2CF2140404100219777 /* Environment.swift in Sources */,
				37B5F2D6214050D700219777 /* RepositoryDetailViewModel.swift in Sources */,
				37B5F2CB21403C3400219777 /* ReadOnlyRelay.swift in Sources */,
				3703BFE3213C58080081CA6B /* Extension.swift in Sources */,
				3703BFDC213C57600081CA6B /* RouteActionCreator.swift in Sources */,
				37B5F2CD21403E7100219777 /* RepositorySearchViewModel.swift in Sources */,
				3703BFE9213C68820081CA6B /* ViewType.swift in Sources */,
				37C1FE6F2143AD0D005EB806 /* UITableView.extension.swift in Sources */,
				37C1FE712143B9BE005EB806 /* LoadingView.swift in Sources */,
				37B5F2DA2140529F00219777 /* WKWebView.extension.swift in Sources */,
				37B5F2C72140288A00219777 /* GitHubRequest.swift in Sources */,
				37B5F2D42140485800219777 /* RepositorySearchViewDataSource.swift in Sources */,
				3703BFDE213C576D0081CA6B /* RouteDispatcher.swift in Sources */,
				3703BFAC213C38980081CA6B /* RepositorySearchViewController.swift in Sources */,
				37B5F2C82140288A00219777 /* GitHub.SearchRepositoriesRequest.swift in Sources */,
			);
			runOnlyForDeploymentPostprocessing = 0;
		};
		37B3E187213C377500357BBF /* Sources */ = {
			isa = PBXSourcesBuildPhase;
			buildActionMask = 2147483647;
			files = (
				3703BFB5213C3C470081CA6B /* zzz.Sourcery.out.swift in Sources */,
				37B3E190213C377500357BBF /* GitHubClientTestSampleTests.swift in Sources */,
				3703BFB1213C3AD50081CA6B /* AutoPrivatePropertyAccessible.swift in Sources */,
			);
			runOnlyForDeploymentPostprocessing = 0;
		};
/* End PBXSourcesBuildPhase section */

/* Begin PBXTargetDependency section */
		37B3E18D213C377500357BBF /* PBXTargetDependency */ = {
			isa = PBXTargetDependency;
			target = 37B3E176213C377400357BBF /* GitHubClientTestSample */;
			targetProxy = 37B3E18C213C377500357BBF /* PBXContainerItemProxy */;
		};
/* End PBXTargetDependency section */

/* Begin PBXVariantGroup section */
		37B3E183213C377500357BBF /* LaunchScreen.storyboard */ = {
			isa = PBXVariantGroup;
			children = (
				37B3E184213C377500357BBF /* Base */,
			);
			name = LaunchScreen.storyboard;
			sourceTree = "<group>";
		};
/* End PBXVariantGroup section */

/* Begin XCBuildConfiguration section */
		37B3E192213C377500357BBF /* Debug */ = {
			isa = XCBuildConfiguration;
			buildSettings = {
				ALWAYS_SEARCH_USER_PATHS = NO;
				CLANG_ANALYZER_NONNULL = YES;
				CLANG_ANALYZER_NUMBER_OBJECT_CONVERSION = YES_AGGRESSIVE;
				CLANG_CXX_LANGUAGE_STANDARD = "gnu++14";
				CLANG_CXX_LIBRARY = "libc++";
				CLANG_ENABLE_MODULES = YES;
				CLANG_ENABLE_OBJC_ARC = YES;
				CLANG_ENABLE_OBJC_WEAK = YES;
				CLANG_WARN_BLOCK_CAPTURE_AUTORELEASING = YES;
				CLANG_WARN_BOOL_CONVERSION = YES;
				CLANG_WARN_COMMA = YES;
				CLANG_WARN_CONSTANT_CONVERSION = YES;
				CLANG_WARN_DEPRECATED_OBJC_IMPLEMENTATIONS = YES;
				CLANG_WARN_DIRECT_OBJC_ISA_USAGE = YES_ERROR;
				CLANG_WARN_DOCUMENTATION_COMMENTS = YES;
				CLANG_WARN_EMPTY_BODY = YES;
				CLANG_WARN_ENUM_CONVERSION = YES;
				CLANG_WARN_INFINITE_RECURSION = YES;
				CLANG_WARN_INT_CONVERSION = YES;
				CLANG_WARN_NON_LITERAL_NULL_CONVERSION = YES;
				CLANG_WARN_OBJC_IMPLICIT_RETAIN_SELF = YES;
				CLANG_WARN_OBJC_LITERAL_CONVERSION = YES;
				CLANG_WARN_OBJC_ROOT_CLASS = YES_ERROR;
				CLANG_WARN_RANGE_LOOP_ANALYSIS = YES;
				CLANG_WARN_STRICT_PROTOTYPES = YES;
				CLANG_WARN_SUSPICIOUS_MOVE = YES;
				CLANG_WARN_UNGUARDED_AVAILABILITY = YES_AGGRESSIVE;
				CLANG_WARN_UNREACHABLE_CODE = YES;
				CLANG_WARN__DUPLICATE_METHOD_MATCH = YES;
				CODE_SIGN_IDENTITY = "iPhone Developer";
				COPY_PHASE_STRIP = NO;
				DEBUG_INFORMATION_FORMAT = dwarf;
				ENABLE_STRICT_OBJC_MSGSEND = YES;
				ENABLE_TESTABILITY = YES;
				GCC_C_LANGUAGE_STANDARD = gnu11;
				GCC_DYNAMIC_NO_PIC = NO;
				GCC_NO_COMMON_BLOCKS = YES;
				GCC_OPTIMIZATION_LEVEL = 0;
				GCC_PREPROCESSOR_DEFINITIONS = (
					"DEBUG=1",
					"$(inherited)",
				);
				GCC_WARN_64_TO_32_BIT_CONVERSION = YES;
				GCC_WARN_ABOUT_RETURN_TYPE = YES_ERROR;
				GCC_WARN_UNDECLARED_SELECTOR = YES;
				GCC_WARN_UNINITIALIZED_AUTOS = YES_AGGRESSIVE;
				GCC_WARN_UNUSED_FUNCTION = YES;
				GCC_WARN_UNUSED_VARIABLE = YES;
				IPHONEOS_DEPLOYMENT_TARGET = 11.4;
				MTL_ENABLE_DEBUG_INFO = YES;
				ONLY_ACTIVE_ARCH = YES;
				SDKROOT = iphoneos;
				SWIFT_ACTIVE_COMPILATION_CONDITIONS = DEBUG;
				SWIFT_OPTIMIZATION_LEVEL = "-Onone";
			};
			name = Debug;
		};
		37B3E193213C377500357BBF /* Release */ = {
			isa = XCBuildConfiguration;
			buildSettings = {
				ALWAYS_SEARCH_USER_PATHS = NO;
				CLANG_ANALYZER_NONNULL = YES;
				CLANG_ANALYZER_NUMBER_OBJECT_CONVERSION = YES_AGGRESSIVE;
				CLANG_CXX_LANGUAGE_STANDARD = "gnu++14";
				CLANG_CXX_LIBRARY = "libc++";
				CLANG_ENABLE_MODULES = YES;
				CLANG_ENABLE_OBJC_ARC = YES;
				CLANG_ENABLE_OBJC_WEAK = YES;
				CLANG_WARN_BLOCK_CAPTURE_AUTORELEASING = YES;
				CLANG_WARN_BOOL_CONVERSION = YES;
				CLANG_WARN_COMMA = YES;
				CLANG_WARN_CONSTANT_CONVERSION = YES;
				CLANG_WARN_DEPRECATED_OBJC_IMPLEMENTATIONS = YES;
				CLANG_WARN_DIRECT_OBJC_ISA_USAGE = YES_ERROR;
				CLANG_WARN_DOCUMENTATION_COMMENTS = YES;
				CLANG_WARN_EMPTY_BODY = YES;
				CLANG_WARN_ENUM_CONVERSION = YES;
				CLANG_WARN_INFINITE_RECURSION = YES;
				CLANG_WARN_INT_CONVERSION = YES;
				CLANG_WARN_NON_LITERAL_NULL_CONVERSION = YES;
				CLANG_WARN_OBJC_IMPLICIT_RETAIN_SELF = YES;
				CLANG_WARN_OBJC_LITERAL_CONVERSION = YES;
				CLANG_WARN_OBJC_ROOT_CLASS = YES_ERROR;
				CLANG_WARN_RANGE_LOOP_ANALYSIS = YES;
				CLANG_WARN_STRICT_PROTOTYPES = YES;
				CLANG_WARN_SUSPICIOUS_MOVE = YES;
				CLANG_WARN_UNGUARDED_AVAILABILITY = YES_AGGRESSIVE;
				CLANG_WARN_UNREACHABLE_CODE = YES;
				CLANG_WARN__DUPLICATE_METHOD_MATCH = YES;
				CODE_SIGN_IDENTITY = "iPhone Developer";
				COPY_PHASE_STRIP = NO;
				DEBUG_INFORMATION_FORMAT = "dwarf-with-dsym";
				ENABLE_NS_ASSERTIONS = NO;
				ENABLE_STRICT_OBJC_MSGSEND = YES;
				GCC_C_LANGUAGE_STANDARD = gnu11;
				GCC_NO_COMMON_BLOCKS = YES;
				GCC_WARN_64_TO_32_BIT_CONVERSION = YES;
				GCC_WARN_ABOUT_RETURN_TYPE = YES_ERROR;
				GCC_WARN_UNDECLARED_SELECTOR = YES;
				GCC_WARN_UNINITIALIZED_AUTOS = YES_AGGRESSIVE;
				GCC_WARN_UNUSED_FUNCTION = YES;
				GCC_WARN_UNUSED_VARIABLE = YES;
				IPHONEOS_DEPLOYMENT_TARGET = 11.4;
				MTL_ENABLE_DEBUG_INFO = NO;
				SDKROOT = iphoneos;
				SWIFT_COMPILATION_MODE = wholemodule;
				SWIFT_OPTIMIZATION_LEVEL = "-O";
				VALIDATE_PRODUCT = YES;
			};
			name = Release;
		};
		37B3E195213C377500357BBF /* Debug */ = {
			isa = XCBuildConfiguration;
			baseConfigurationReference = 99F3EF4046E779D00F77DD16 /* Pods-GitHubClientTestSample.debug.xcconfig */;
			buildSettings = {
				ASSETCATALOG_COMPILER_APPICON_NAME = AppIcon;
				CODE_SIGN_STYLE = Manual;
				DEVELOPMENT_TEAM = "";
				FRAMEWORK_SEARCH_PATHS = (
					"$(inherited)",
					"$(PROJECT_DIR)/Carthage/Build/iOS",
				);
				INFOPLIST_FILE = GitHubClientTestSample/Info.plist;
				IPHONEOS_DEPLOYMENT_TARGET = 11.0;
				LD_RUNPATH_SEARCH_PATHS = (
					"$(inherited)",
					"@executable_path/Frameworks",
				);
				PRODUCT_BUNDLE_IDENTIFIER = "jp.marty-suzuki.GitHubClientTestSample";
				PRODUCT_NAME = "$(TARGET_NAME)";
				PROVISIONING_PROFILE_SPECIFIER = "";
				SWIFT_VERSION = 4.0;
				TARGETED_DEVICE_FAMILY = "1,2";
			};
			name = Debug;
		};
		37B3E196213C377500357BBF /* Release */ = {
			isa = XCBuildConfiguration;
			baseConfigurationReference = 000BB3EB4ADADB143DE0B916 /* Pods-GitHubClientTestSample.release.xcconfig */;
			buildSettings = {
				ASSETCATALOG_COMPILER_APPICON_NAME = AppIcon;
				CODE_SIGN_STYLE = Manual;
				DEVELOPMENT_TEAM = "";
				FRAMEWORK_SEARCH_PATHS = (
					"$(inherited)",
					"$(PROJECT_DIR)/Carthage/Build/iOS",
				);
				INFOPLIST_FILE = GitHubClientTestSample/Info.plist;
				IPHONEOS_DEPLOYMENT_TARGET = 11.0;
				LD_RUNPATH_SEARCH_PATHS = (
					"$(inherited)",
					"@executable_path/Frameworks",
				);
				PRODUCT_BUNDLE_IDENTIFIER = "jp.marty-suzuki.GitHubClientTestSample";
				PRODUCT_NAME = "$(TARGET_NAME)";
				PROVISIONING_PROFILE_SPECIFIER = "";
				SWIFT_VERSION = 4.0;
				TARGETED_DEVICE_FAMILY = "1,2";
			};
			name = Release;
		};
		37B3E198213C377500357BBF /* Debug */ = {
			isa = XCBuildConfiguration;
			baseConfigurationReference = 166976F6E189B68DA6905FDA /* Pods-GitHubClientTestSampleTests.debug.xcconfig */;
			buildSettings = {
				ALWAYS_EMBED_SWIFT_STANDARD_LIBRARIES = YES;
				BUNDLE_LOADER = "$(TEST_HOST)";
				CODE_SIGN_STYLE = Manual;
				DEVELOPMENT_TEAM = "";
				FRAMEWORK_SEARCH_PATHS = (
					"$(inherited)",
					"$(PROJECT_DIR)/Carthage/Build/iOS",
				);
				INFOPLIST_FILE = GitHubClientTestSampleTests/Info.plist;
				LD_RUNPATH_SEARCH_PATHS = (
					"$(inherited)",
					"@executable_path/Frameworks",
					"@loader_path/Frameworks",
				);
				PRODUCT_BUNDLE_IDENTIFIER = "jp.marty-suzuki.GitHubClientTestSampleTests";
				PRODUCT_NAME = "$(TARGET_NAME)";
				PROVISIONING_PROFILE_SPECIFIER = "";
				SWIFT_VERSION = 4.0;
				TARGETED_DEVICE_FAMILY = "1,2";
				TEST_HOST = "$(BUILT_PRODUCTS_DIR)/GitHubClientTestSample.app/GitHubClientTestSample";
			};
			name = Debug;
		};
		37B3E199213C377500357BBF /* Release */ = {
			isa = XCBuildConfiguration;
			baseConfigurationReference = 79DDFDB5D74E3A3FE599692D /* Pods-GitHubClientTestSampleTests.release.xcconfig */;
			buildSettings = {
				ALWAYS_EMBED_SWIFT_STANDARD_LIBRARIES = YES;
				BUNDLE_LOADER = "$(TEST_HOST)";
				CODE_SIGN_STYLE = Manual;
				DEVELOPMENT_TEAM = "";
				FRAMEWORK_SEARCH_PATHS = (
					"$(inherited)",
					"$(PROJECT_DIR)/Carthage/Build/iOS",
				);
				INFOPLIST_FILE = GitHubClientTestSampleTests/Info.plist;
				LD_RUNPATH_SEARCH_PATHS = (
					"$(inherited)",
					"@executable_path/Frameworks",
					"@loader_path/Frameworks",
				);
				PRODUCT_BUNDLE_IDENTIFIER = "jp.marty-suzuki.GitHubClientTestSampleTests";
				PRODUCT_NAME = "$(TARGET_NAME)";
				PROVISIONING_PROFILE_SPECIFIER = "";
				SWIFT_VERSION = 4.0;
				TARGETED_DEVICE_FAMILY = "1,2";
				TEST_HOST = "$(BUILT_PRODUCTS_DIR)/GitHubClientTestSample.app/GitHubClientTestSample";
			};
			name = Release;
		};
/* End XCBuildConfiguration section */

/* Begin XCConfigurationList section */
		37B3E172213C377400357BBF /* Build configuration list for PBXProject "GitHubClientTestSample" */ = {
			isa = XCConfigurationList;
			buildConfigurations = (
				37B3E192213C377500357BBF /* Debug */,
				37B3E193213C377500357BBF /* Release */,
			);
			defaultConfigurationIsVisible = 0;
			defaultConfigurationName = Release;
		};
		37B3E194213C377500357BBF /* Build configuration list for PBXNativeTarget "GitHubClientTestSample" */ = {
			isa = XCConfigurationList;
			buildConfigurations = (
				37B3E195213C377500357BBF /* Debug */,
				37B3E196213C377500357BBF /* Release */,
			);
			defaultConfigurationIsVisible = 0;
			defaultConfigurationName = Release;
		};
		37B3E197213C377500357BBF /* Build configuration list for PBXNativeTarget "GitHubClientTestSampleTests" */ = {
			isa = XCConfigurationList;
			buildConfigurations = (
				37B3E198213C377500357BBF /* Debug */,
				37B3E199213C377500357BBF /* Release */,
			);
			defaultConfigurationIsVisible = 0;
			defaultConfigurationName = Release;
		};
/* End XCConfigurationList section */
	};
	rootObject = 37B3E16F213C377400357BBF /* Project object */;
}
